// !$*UTF8*$!
{
	archiveVersion = 1;
	classes = {
	};
	objectVersion = 46;
	objects = {

/* Begin PBXBuildFile section */
		D97A833E1BB046430027C901 /* main.m in Sources */ = {isa = PBXBuildFile; fileRef = D97A833D1BB046430027C901 /* main.m */; settings = {ASSET_TAGS = (); }; };
		D97A83421BB047720027C901 /* usb-lock in Copy Files */ = {isa = PBXBuildFile; fileRef = D97A83291BB0418E0027C901 /* usb-lock */; };
/* End PBXBuildFile section */

/* Begin PBXCopyFilesBuildPhase section */
		D97A83271BB0418E0027C901 /* Copy Files */ = {
			isa = PBXCopyFilesBuildPhase;
			buildActionMask = 8;
			dstPath = /usr/local/bin;
			dstSubfolderSpec = 0;
			files = (
				D97A83421BB047720027C901 /* usb-lock in Copy Files */,
			);
			name = "Copy Files";
			runOnlyForDeploymentPostprocessing = 1;
		};
		D97A83431BB0479B0027C901 /* CopyFiles */ = {
			isa = PBXCopyFilesBuildPhase;
			buildActionMask = 8;
			dstPath = "~/Library/LaunchAgents";
			dstSubfolderSpec = 0;
			files = (
			);
			runOnlyForDeploymentPostprocessing = 1;
		};
/* End PBXCopyFilesBuildPhase section */

/* Begin PBXFileReference section */
		D97A83291BB0418E0027C901 /* usb-lock */ = {isa = PBXFileReference; explicitFileType = "compiled.mach-o.executable"; includeInIndex = 0; path = "usb-lock"; sourceTree = BUILT_PRODUCTS_DIR; };
		D97A833D1BB046430027C901 /* main.m */ = {isa = PBXFileReference; fileEncoding = 4; lastKnownFileType = sourcecode.c.objc; name = main.m; path = src/main.m; sourceTree = "<group>"; };
/* End PBXFileReference section */

/* Begin PBXFrameworksBuildPhase section */
		D97A83261BB0418E0027C901 /* Frameworks */ = {
			isa = PBXFrameworksBuildPhase;
			buildActionMask = 2147483647;
			files = (
			);
			runOnlyForDeploymentPostprocessing = 0;
		};
/* End PBXFrameworksBuildPhase section */

/* Begin PBXGroup section */
		D97A83201BB0418E0027C901 = {
			isa = PBXGroup;
			children = (
				D97A833C1BB046100027C901 /* src */,
				D97A832A1BB0418E0027C901 /* Products */,
			);
			sourceTree = "<group>";
			usesTabs = 1;
		};
		D97A832A1BB0418E0027C901 /* Products */ = {
			isa = PBXGroup;
			children = (
				D97A83291BB0418E0027C901 /* usb-lock */,
			);
			name = Products;
			sourceTree = "<group>";
		};
		D97A833C1BB046100027C901 /* src */ = {
			isa = PBXGroup;
			children = (
				D97A833D1BB046430027C901 /* main.m */,
			);
			name = src;
			sourceTree = "<group>";
		};
/* End PBXGroup section */

/* Begin PBXNativeTarget section */
		D97A83281BB0418E0027C901 /* usb-lock */ = {
			isa = PBXNativeTarget;
			buildConfigurationList = D97A83301BB0418E0027C901 /* Build configuration list for PBXNativeTarget "usb-lock" */;
			buildPhases = (
				D97A83251BB0418E0027C901 /* Sources */,
				D97A83261BB0418E0027C901 /* Frameworks */,
				D97A83271BB0418E0027C901 /* Copy Files */,
				D97A83431BB0479B0027C901 /* CopyFiles */,
			);
			buildRules = (
			);
			dependencies = (
			);
			name = "usb-lock";
			productName = "usb-lock";
			productReference = D97A83291BB0418E0027C901 /* usb-lock */;
			productType = "com.apple.product-type.tool";
		};
/* End PBXNativeTarget section */

/* Begin PBXProject section */
		D97A83211BB0418E0027C901 /* Project object */ = {
			isa = PBXProject;
			attributes = {
				KnownAssetTags = (
					Startscript,
				);
				LastUpgradeCheck = 0700;
				ORGANIZATIONNAME = "Christof Rath";
				TargetAttributes = {
					D97A83281BB0418E0027C901 = {
						CreatedOnToolsVersion = 7.0;
					};
				};
			};
			buildConfigurationList = D97A83241BB0418E0027C901 /* Build configuration list for PBXProject "usb-lock" */;
			compatibilityVersion = "Xcode 3.2";
			developmentRegion = English;
			hasScannedForEncodings = 0;
			knownRegions = (
				en,
			);
			mainGroup = D97A83201BB0418E0027C901;
			productRefGroup = D97A832A1BB0418E0027C901 /* Products */;
			projectDirPath = "";
			projectRoot = "";
			targets = (
				D97A83281BB0418E0027C901 /* usb-lock */,
			);
		};
/* End PBXProject section */

/* Begin PBXSourcesBuildPhase section */
		D97A83251BB0418E0027C901 /* Sources */ = {
			isa = PBXSourcesBuildPhase;
			buildActionMask = 2147483647;
			files = (
				D97A833E1BB046430027C901 /* main.m in Sources */,
			);
			runOnlyForDeploymentPostprocessing = 0;
		};
/* End PBXSourcesBuildPhase section */

/* Begin XCBuildConfiguration section */
		D97A832E1BB0418E0027C901 /* Debug */ = {
			isa = XCBuildConfiguration;
			buildSettings = {
				ALWAYS_SEARCH_USER_PATHS = NO;
				CLANG_CXX_LANGUAGE_STANDARD = "gnu++0x";
				CLANG_CXX_LIBRARY = "libc++";
				CLANG_ENABLE_MODULES = YES;
				CLANG_ENABLE_OBJC_ARC = YES;
				CLANG_WARN_BOOL_CONVERSION = YES;
				CLANG_WARN_CONSTANT_CONVERSION = YES;
				CLANG_WARN_DIRECT_OBJC_ISA_USAGE = YES_ERROR;
				CLANG_WARN_EMPTY_BODY = YES;
				CLANG_WARN_ENUM_CONVERSION = YES;
				CLANG_WARN_INT_CONVERSION = YES;
				CLANG_WARN_OBJC_ROOT_CLASS = YES_ERROR;
				CLANG_WARN_UNREACHABLE_CODE = YES;
				CLANG_WARN__DUPLICATE_METHOD_MATCH = YES;
				COPY_PHASE_STRIP = NO;
				DEBUG_INFORMATION_FORMAT = dwarf;
				ENABLE_STRICT_OBJC_MSGSEND = YES;
				ENABLE_TESTABILITY = YES;
				GCC_C_LANGUAGE_STANDARD = gnu99;
				GCC_DYNAMIC_NO_PIC = NO;
				GCC_NO_COMMON_BLOCKS = YES;
				GCC_OPTIMIZATION_LEVEL = 0;
				GCC_PREPROCESSOR_DEFINITIONS = (
					"DEBUG=1",
					"$(inherited)",
				);
				GCC_WARN_64_TO_32_BIT_CONVERSION = YES;
				GCC_WARN_ABOUT_RETURN_TYPE = YES_ERROR;
				GCC_WARN_UNDECLARED_SELECTOR = YES;
				GCC_WARN_UNINITIALIZED_AUTOS = YES_AGGRESSIVE;
				GCC_WARN_UNUSED_FUNCTION = YES;
				GCC_WARN_UNUSED_VARIABLE = YES;
				MACOSX_DEPLOYMENT_TARGET = 10.11;
				MTL_ENABLE_DEBUG_INFO = YES;
				ONLY_ACTIVE_ARCH = YES;
				SDKROOT = macosx;
			};
			name = Debug;
		};
		D97A832F1BB0418E0027C901 /* Release */ = {
			isa = XCBuildConfiguration;
			buildSettings = {
				ALWAYS_SEARCH_USER_PATHS = NO;
				CLANG_CXX_LANGUAGE_STANDARD = "gnu++0x";
				CLANG_CXX_LIBRARY = "libc++";
				CLANG_ENABLE_MODULES = YES;
				CLANG_ENABLE_OBJC_ARC = YES;
				CLANG_WARN_BOOL_CONVERSION = YES;
				CLANG_WARN_CONSTANT_CONVERSION = YES;
				CLANG_WARN_DIRECT_OBJC_ISA_USAGE = YES_ERROR;
				CLANG_WARN_EMPTY_BODY = YES;
				CLANG_WARN_ENUM_CONVERSION = YES;
				CLANG_WARN_INT_CONVERSION = YES;
				CLANG_WARN_OBJC_ROOT_CLASS = YES_ERROR;
				CLANG_WARN_UNREACHABLE_CODE = YES;
				CLANG_WARN__DUPLICATE_METHOD_MATCH = YES;
				COPY_PHASE_STRIP = NO;
				DEBUG_INFORMATION_FORMAT = "dwarf-with-dsym";
				ENABLE_NS_ASSERTIONS = NO;
				ENABLE_STRICT_OBJC_MSGSEND = YES;
				GCC_C_LANGUAGE_STANDARD = gnu99;
				GCC_NO_COMMON_BLOCKS = YES;
				GCC_WARN_64_TO_32_BIT_CONVERSION = YES;
				GCC_WARN_ABOUT_RETURN_TYPE = YES_ERROR;
				GCC_WARN_UNDECLARED_SELECTOR = YES;
				GCC_WARN_UNINITIALIZED_AUTOS = YES_AGGRESSIVE;
				GCC_WARN_UNUSED_FUNCTION = YES;
				GCC_WARN_UNUSED_VARIABLE = YES;
				MACOSX_DEPLOYMENT_TARGET = 10.11;
				MTL_ENABLE_DEBUG_INFO = NO;
				SDKROOT = macosx;
			};
			name = Release;
		};
		D97A83311BB0418E0027C901 /* Debug */ = {
			isa = XCBuildConfiguration;
			buildSettings = {
				PRODUCT_NAME = "$(TARGET_NAME)";
			};
			name = Debug;
		};
		D97A83321BB0418E0027C901 /* Release */ = {
			isa = XCBuildConfiguration;
			buildSettings = {
				PRODUCT_NAME = "$(TARGET_NAME)";
			};
			name = Release;
		};
/* End XCBuildConfiguration section */

/* Begin XCConfigurationList section */
		D97A83241BB0418E0027C901 /* Build configuration list for PBXProject "usb-lock" */ = {
			isa = XCConfigurationList;
			buildConfigurations = (
				D97A832E1BB0418E0027C901 /* Debug */,
				D97A832F1BB0418E0027C901 /* Release */,
			);
			defaultConfigurationIsVisible = 0;
			defaultConfigurationName = Release;
		};
		D97A83301BB0418E0027C901 /* Build configuration list for PBXNativeTarget "usb-lock" */ = {
			isa = XCConfigurationList;
			buildConfigurations = (
				D97A83311BB0418E0027C901 /* Debug */,
				D97A83321BB0418E0027C901 /* Release */,
			);
			defaultConfigurationIsVisible = 0;
		};
/* End XCConfigurationList section */
	};
	rootObject = D97A83211BB0418E0027C901 /* Project object */;
}
